
Microsoft Visual Studio Solution File, Format Version 11.00
# Visual Studio 2010
Project("{FAE04EC0-301F-11D3-BF4B-00C04F79EFBC}") = "YourApp", "YourApp\YourApp.csproj", "{72F6379B-506E-4D24-BBDF-69E79CD2264F}"
EndProject
Project("{FAE04EC0-301F-11D3-BF4B-00C04F79EFBC}") = "YourDomain", "YourDomain\YourDomain.csproj", "{9104CE4C-CD1C-4A00-9754-1308D063CF14}"
EndProject
Project("{FAE04EC0-301F-11D3-BF4B-00C04F79EFBC}") = "Infrastructure", "Infrastructure\Infrastructure.csproj", "{D7349F1E-D601-4E0F-9436-6BDC217EA24B}"
EndProject
Project("{FAE04EC0-301F-11D3-BF4B-00C04F79EFBC}") = "Services", "Services\Services.csproj", "{AD4FF6E1-B540-4398-952D-06BBE33BCF77}"
EndProject
Project("{2150E333-8FDC-42A3-9474-1A3956D46DE8}") = ".nuget", ".nuget", "{B259B34A-0F1A-4AC1-9AC4-2B6142EB613B}"
	ProjectSection(SolutionItems) = preProject
		.nuget\NuGet.exe = .nuget\NuGet.exe
		.nuget\NuGet.targets = .nuget\NuGet.targets
	EndProjectSection
EndProject
Project("{FAE04EC0-301F-11D3-BF4B-00C04F79EFBC}") = "Tests", "Tests\Tests.csproj", "{B45DD527-2FE5-4BD8-839A-31F2318C66A9}"
EndProject
Global
	GlobalSection(SolutionConfigurationPlatforms) = preSolution
		Debug|Any CPU = Debug|Any CPU
		Release|Any CPU = Release|Any CPU
	EndGlobalSection
	GlobalSection(ProjectConfigurationPlatforms) = postSolution
		{72F6379B-506E-4D24-BBDF-69E79CD2264F}.Debug|Any CPU.ActiveCfg = Debug|Any CPU
		{72F6379B-506E-4D24-BBDF-69E79CD2264F}.Debug|Any CPU.Build.0 = Debug|Any CPU
		{72F6379B-506E-4D24-BBDF-69E79CD2264F}.Release|Any CPU.ActiveCfg = Release|Any CPU
		{72F6379B-506E-4D24-BBDF-69E79CD2264F}.Release|Any CPU.Build.0 = Release|Any CPU
		{9104CE4C-CD1C-4A00-9754-1308D063CF14}.Debug|Any CPU.ActiveCfg = Debug|Any CPU
		{9104CE4C-CD1C-4A00-9754-1308D063CF14}.Debug|Any CPU.Build.0 = Debug|Any CPU
		{9104CE4C-CD1C-4A00-9754-1308D063CF14}.Release|Any CPU.ActiveCfg = Release|Any CPU
		{9104CE4C-CD1C-4A00-9754-1308D063CF14}.Release|Any CPU.Build.0 = Release|Any CPU
		{D7349F1E-D601-4E0F-9436-6BDC217EA24B}.Debug|Any CPU.ActiveCfg = Debug|Any CPU
		{D7349F1E-D601-4E0F-9436-6BDC217EA24B}.Debug|Any CPU.Build.0 = Debug|Any CPU
		{D7349F1E-D601-4E0F-9436-6BDC217EA24B}.Release|Any CPU.ActiveCfg = Release|Any CPU
		{D7349F1E-D601-4E0F-9436-6BDC217EA24B}.Release|Any CPU.Build.0 = Release|Any CPU
		{AD4FF6E1-B540-4398-952D-06BBE33BCF77}.Debug|Any CPU.ActiveCfg = Debug|Any CPU
		{AD4FF6E1-B540-4398-952D-06BBE33BCF77}.Debug|Any CPU.Build.0 = Debug|Any CPU
		{AD4FF6E1-B540-4398-952D-06BBE33BCF77}.Release|Any CPU.ActiveCfg = Release|Any CPU
		{AD4FF6E1-B540-4398-952D-06BBE33BCF77}.Release|Any CPU.Build.0 = Release|Any CPU
		{B45DD527-2FE5-4BD8-839A-31F2318C66A9}.Debug|Any CPU.ActiveCfg = Debug|Any CPU
		{B45DD527-2FE5-4BD8-839A-31F2318C66A9}.Debug|Any CPU.Build.0 = Debug|Any CPU
		{B45DD527-2FE5-4BD8-839A-31F2318C66A9}.Release|Any CPU.ActiveCfg = Release|Any CPU
		{B45DD527-2FE5-4BD8-839A-31F2318C66A9}.Release|Any CPU.Build.0 = Release|Any CPU
	EndGlobalSection
	GlobalSection(SolutionProperties) = preSolution
		HideSolutionNode = FALSE
	EndGlobalSection
EndGlobal
